
Microsoft Visual Studio Solution File, Format Version 12.00
# Visual Studio Version 17
VisualStudioVersion = 17.5.33516.290
MinimumVisualStudioVersion = 10.0.40219.1
Project("{FAE04EC0-301F-11D3-BF4B-00C04F79EFBC}") = "GesRelationClient", "GesRelationClient\GesRelationClient.csproj", "{F6D47ACB-C89D-4851-8D42-471730F97C47}"
EndProject
Global
	GlobalSection(SolutionConfigurationPlatforms) = preSolution
		Debug|Any CPU = Debug|Any CPU
		Release|Any CPU = Release|Any CPU
	EndGlobalSection
	GlobalSection(ProjectConfigurationPlatforms) = postSolution
		{F6D47ACB-C89D-4851-8D42-471730F97C47}.Debug|Any CPU.ActiveCfg = Debug|Any CPU
		{F6D47ACB-C89D-4851-8D42-471730F97C47}.Debug|Any CPU.Build.0 = Debug|Any CPU
		{F6D47ACB-C89D-4851-8D42-471730F97C47}.Release|Any CPU.ActiveCfg = Release|Any CPU
		{F6D47ACB-C89D-4851-8D42-471730F97C47}.Release|Any CPU.Build.0 = Release|Any CPU
	EndGlobalSection
	GlobalSection(SolutionProperties) = preSolution
		HideSolutionNode = FALSE
	EndGlobalSection
	GlobalSection(ExtensibilityGlobals) = postSolution
		SolutionGuid = {203BF9B2-DCC6-437F-9DE2-A9923C545A64}
	EndGlobalSection
EndGlobal
